
Microsoft Visual Studio Solution File, Format Version 11.00
# Visual Studio 2010
Project("{FAE04EC0-301F-11D3-BF4B-00C04F79EFBC}") = "ContentSerialization", "ContentSerialization.csproj", "{FBAF785A-D0C7-4F8C-82C4-4748DFA60155}"
EndProject
Global
	GlobalSection(SolutionConfigurationPlatforms) = preSolution
		Debug|Any CPU = Debug|Any CPU
		Release|Any CPU = Release|Any CPU
	EndGlobalSection
	GlobalSection(ProjectConfigurationPlatforms) = postSolution
		{FBAF785A-D0C7-4F8C-82C4-4748DFA60155}.Debug|Any CPU.ActiveCfg = Debug|Any CPU
		{FBAF785A-D0C7-4F8C-82C4-4748DFA60155}.Debug|Any CPU.Build.0 = Debug|Any CPU
		{FBAF785A-D0C7-4F8C-82C4-4748DFA60155}.Release|Any CPU.ActiveCfg = Release|Any CPU
		{FBAF785A-D0C7-4F8C-82C4-4748DFA60155}.Release|Any CPU.Build.0 = Release|Any CPU
	EndGlobalSection
	GlobalSection(SolutionProperties) = preSolution
		HideSolutionNode = FALSE
	EndGlobalSection
EndGlobal
