
Microsoft Visual Studio Solution File, Format Version 11.00
# Visual Studio 2010
Project("{FAE04EC0-301F-11D3-BF4B-00C04F79EFBC}") = "OptimusFix", "OptimusFix.csproj", "{BC61E4E4-0357-4706-9A76-CAA17F6F5C02}"
EndProject
Global
	GlobalSection(SolutionConfigurationPlatforms) = preSolution
		Debug|Any CPU = Debug|Any CPU
		Release|Any CPU = Release|Any CPU
	EndGlobalSection
	GlobalSection(ProjectConfigurationPlatforms) = postSolution
		{BC61E4E4-0357-4706-9A76-CAA17F6F5C02}.Debug|Any CPU.ActiveCfg = Debug|Any CPU
		{BC61E4E4-0357-4706-9A76-CAA17F6F5C02}.Debug|Any CPU.Build.0 = Debug|Any CPU
		{BC61E4E4-0357-4706-9A76-CAA17F6F5C02}.Release|Any CPU.ActiveCfg = Release|Any CPU
		{BC61E4E4-0357-4706-9A76-CAA17F6F5C02}.Release|Any CPU.Build.0 = Release|Any CPU
	EndGlobalSection
	GlobalSection(SolutionProperties) = preSolution
		HideSolutionNode = FALSE
	EndGlobalSection
EndGlobal
