
Microsoft Visual Studio Solution File, Format Version 11.00
# Visual Studio 2010
Project("{FAE04EC0-301F-11D3-BF4B-00C04F79EFBC}") = "FEZ", "FEZ.csproj", "{914CEB2E-9932-4328-9247-17A3D59D0C29}"
EndProject
Global
	GlobalSection(SolutionConfigurationPlatforms) = preSolution
		Debug|Any CPU = Debug|Any CPU
		Release|Any CPU = Release|Any CPU
	EndGlobalSection
	GlobalSection(ProjectConfigurationPlatforms) = postSolution
		{914CEB2E-9932-4328-9247-17A3D59D0C29}.Debug|Any CPU.ActiveCfg = Debug|Any CPU
		{914CEB2E-9932-4328-9247-17A3D59D0C29}.Debug|Any CPU.Build.0 = Debug|Any CPU
		{914CEB2E-9932-4328-9247-17A3D59D0C29}.Release|Any CPU.ActiveCfg = Release|Any CPU
		{914CEB2E-9932-4328-9247-17A3D59D0C29}.Release|Any CPU.Build.0 = Release|Any CPU
	EndGlobalSection
	GlobalSection(SolutionProperties) = preSolution
		HideSolutionNode = FALSE
	EndGlobalSection
EndGlobal
