
Microsoft Visual Studio Solution File, Format Version 11.00
# Visual Studio 2010
Project("{FAE04EC0-301F-11D3-BF4B-00C04F79EFBC}") = "Common", "Common.csproj", "{1C14516F-7E20-4893-AABA-1143E96428C0}"
EndProject
Global
	GlobalSection(SolutionConfigurationPlatforms) = preSolution
		Debug|Any CPU = Debug|Any CPU
		Release|Any CPU = Release|Any CPU
	EndGlobalSection
	GlobalSection(ProjectConfigurationPlatforms) = postSolution
		{1C14516F-7E20-4893-AABA-1143E96428C0}.Debug|Any CPU.ActiveCfg = Debug|Any CPU
		{1C14516F-7E20-4893-AABA-1143E96428C0}.Debug|Any CPU.Build.0 = Debug|Any CPU
		{1C14516F-7E20-4893-AABA-1143E96428C0}.Release|Any CPU.ActiveCfg = Release|Any CPU
		{1C14516F-7E20-4893-AABA-1143E96428C0}.Release|Any CPU.Build.0 = Release|Any CPU
	EndGlobalSection
	GlobalSection(SolutionProperties) = preSolution
		HideSolutionNode = FALSE
	EndGlobalSection
EndGlobal
