
Microsoft Visual Studio Solution File, Format Version 11.00
# Visual Studio 2010
Project("{FAE04EC0-301F-11D3-BF4B-00C04F79EFBC}") = "MonoGame.Framework.Windows", "MonoGame.Framework.Windows.csproj", "{1F846F6F-C3FA-41F6-8F4B-0C6B84D74FA8}"
EndProject
Global
	GlobalSection(SolutionConfigurationPlatforms) = preSolution
		Debug|Any CPU = Debug|Any CPU
		Release|Any CPU = Release|Any CPU
	EndGlobalSection
	GlobalSection(ProjectConfigurationPlatforms) = postSolution
		{1F846F6F-C3FA-41F6-8F4B-0C6B84D74FA8}.Debug|Any CPU.ActiveCfg = Debug|Any CPU
		{1F846F6F-C3FA-41F6-8F4B-0C6B84D74FA8}.Debug|Any CPU.Build.0 = Debug|Any CPU
		{1F846F6F-C3FA-41F6-8F4B-0C6B84D74FA8}.Release|Any CPU.ActiveCfg = Release|Any CPU
		{1F846F6F-C3FA-41F6-8F4B-0C6B84D74FA8}.Release|Any CPU.Build.0 = Release|Any CPU
	EndGlobalSection
	GlobalSection(SolutionProperties) = preSolution
		HideSolutionNode = FALSE
	EndGlobalSection
EndGlobal
